
Microsoft Visual Studio Solution File, Format Version 12.00
# Visual Studio 15
VisualStudioVersion = 15.0.28010.2019
MinimumVisualStudioVersion = 10.0.40219.1
Project("{FAE04EC0-301F-11D3-BF4B-00C04F79EFBC}") = "homework9", "homework9\homework9.csproj", "{3188E6B9-D0E9-4175-B066-BCE1D6D00179}"
EndProject
Project("{FAE04EC0-301F-11D3-BF4B-00C04F79EFBC}") = "SimpleCrawler", "SimpleCrawler\SimpleCrawler.csproj", "{FDA8D3D6-989F-46AF-AD6B-4BC8AEB7D229}"
EndProject
Global
	GlobalSection(SolutionConfigurationPlatforms) = preSolution
		Debug|Any CPU = Debug|Any CPU
		Release|Any CPU = Release|Any CPU
	EndGlobalSection
	GlobalSection(ProjectConfigurationPlatforms) = postSolution
		{3188E6B9-D0E9-4175-B066-BCE1D6D00179}.Debug|Any CPU.ActiveCfg = Debug|Any CPU
		{3188E6B9-D0E9-4175-B066-BCE1D6D00179}.Debug|Any CPU.Build.0 = Debug|Any CPU
		{3188E6B9-D0E9-4175-B066-BCE1D6D00179}.Release|Any CPU.ActiveCfg = Release|Any CPU
		{3188E6B9-D0E9-4175-B066-BCE1D6D00179}.Release|Any CPU.Build.0 = Release|Any CPU
		{FDA8D3D6-989F-46AF-AD6B-4BC8AEB7D229}.Debug|Any CPU.ActiveCfg = Debug|Any CPU
		{FDA8D3D6-989F-46AF-AD6B-4BC8AEB7D229}.Debug|Any CPU.Build.0 = Debug|Any CPU
		{FDA8D3D6-989F-46AF-AD6B-4BC8AEB7D229}.Release|Any CPU.ActiveCfg = Release|Any CPU
		{FDA8D3D6-989F-46AF-AD6B-4BC8AEB7D229}.Release|Any CPU.Build.0 = Release|Any CPU
	EndGlobalSection
	GlobalSection(SolutionProperties) = preSolution
		HideSolutionNode = FALSE
	EndGlobalSection
	GlobalSection(ExtensibilityGlobals) = postSolution
		SolutionGuid = {12D37B9D-6B6A-4B54-9D79-B39F0D2CB857}
	EndGlobalSection
EndGlobal
