
Microsoft Visual Studio Solution File, Format Version 12.00
# Visual Studio 15
VisualStudioVersion = 15.0.28010.2019
MinimumVisualStudioVersion = 10.0.40219.1
Project("{FAE04EC0-301F-11D3-BF4B-00C04F79EFBC}") = "homework5", "homework5\homework5.csproj", "{1D081D21-F68A-44E9-9D13-0E0638D37770}"
EndProject
Project("{FAE04EC0-301F-11D3-BF4B-00C04F79EFBC}") = "program1", "program1\program1.csproj", "{130398BF-8AF0-47EF-AC3D-1AA0EB4ACACD}"
EndProject
Project("{FAE04EC0-301F-11D3-BF4B-00C04F79EFBC}") = "program2", "program2\program2.csproj", "{7AB8EAA0-8A9E-4BBE-BCC3-CD4B83D71AFF}"
EndProject
Global
	GlobalSection(SolutionConfigurationPlatforms) = preSolution
		Debug|Any CPU = Debug|Any CPU
		Release|Any CPU = Release|Any CPU
	EndGlobalSection
	GlobalSection(ProjectConfigurationPlatforms) = postSolution
		{1D081D21-F68A-44E9-9D13-0E0638D37770}.Debug|Any CPU.ActiveCfg = Debug|Any CPU
		{1D081D21-F68A-44E9-9D13-0E0638D37770}.Debug|Any CPU.Build.0 = Debug|Any CPU
		{1D081D21-F68A-44E9-9D13-0E0638D37770}.Release|Any CPU.ActiveCfg = Release|Any CPU
		{1D081D21-F68A-44E9-9D13-0E0638D37770}.Release|Any CPU.Build.0 = Release|Any CPU
		{130398BF-8AF0-47EF-AC3D-1AA0EB4ACACD}.Debug|Any CPU.ActiveCfg = Debug|Any CPU
		{130398BF-8AF0-47EF-AC3D-1AA0EB4ACACD}.Debug|Any CPU.Build.0 = Debug|Any CPU
		{130398BF-8AF0-47EF-AC3D-1AA0EB4ACACD}.Release|Any CPU.ActiveCfg = Release|Any CPU
		{130398BF-8AF0-47EF-AC3D-1AA0EB4ACACD}.Release|Any CPU.Build.0 = Release|Any CPU
		{7AB8EAA0-8A9E-4BBE-BCC3-CD4B83D71AFF}.Debug|Any CPU.ActiveCfg = Debug|Any CPU
		{7AB8EAA0-8A9E-4BBE-BCC3-CD4B83D71AFF}.Debug|Any CPU.Build.0 = Debug|Any CPU
		{7AB8EAA0-8A9E-4BBE-BCC3-CD4B83D71AFF}.Release|Any CPU.ActiveCfg = Release|Any CPU
		{7AB8EAA0-8A9E-4BBE-BCC3-CD4B83D71AFF}.Release|Any CPU.Build.0 = Release|Any CPU
	EndGlobalSection
	GlobalSection(SolutionProperties) = preSolution
		HideSolutionNode = FALSE
	EndGlobalSection
	GlobalSection(ExtensibilityGlobals) = postSolution
		SolutionGuid = {FE2E752A-2DBD-4EAD-9C7D-5C77B70EB21C}
	EndGlobalSection
EndGlobal
