
Microsoft Visual Studio Solution File, Format Version 12.00
# Visual Studio 15
VisualStudioVersion = 15.0.28010.2019
MinimumVisualStudioVersion = 10.0.40219.1
Project("{FAE04EC0-301F-11D3-BF4B-00C04F79EFBC}") = "homework4", "homework4\homework4.csproj", "{5C717F50-CD74-445A-A60C-B24904C24282}"
EndProject
Project("{FAE04EC0-301F-11D3-BF4B-00C04F79EFBC}") = "program1", "program1\program1.csproj", "{99CB7460-B3C7-4BAF-952B-DA979F490BBD}"
EndProject
Project("{FAE04EC0-301F-11D3-BF4B-00C04F79EFBC}") = "program2", "program2\program2.csproj", "{8580C7E0-9550-43EB-9839-87FDFA98C221}"
EndProject
Global
	GlobalSection(SolutionConfigurationPlatforms) = preSolution
		Debug|Any CPU = Debug|Any CPU
		Release|Any CPU = Release|Any CPU
	EndGlobalSection
	GlobalSection(ProjectConfigurationPlatforms) = postSolution
		{5C717F50-CD74-445A-A60C-B24904C24282}.Debug|Any CPU.ActiveCfg = Debug|Any CPU
		{5C717F50-CD74-445A-A60C-B24904C24282}.Debug|Any CPU.Build.0 = Debug|Any CPU
		{5C717F50-CD74-445A-A60C-B24904C24282}.Release|Any CPU.ActiveCfg = Release|Any CPU
		{5C717F50-CD74-445A-A60C-B24904C24282}.Release|Any CPU.Build.0 = Release|Any CPU
		{99CB7460-B3C7-4BAF-952B-DA979F490BBD}.Debug|Any CPU.ActiveCfg = Debug|Any CPU
		{99CB7460-B3C7-4BAF-952B-DA979F490BBD}.Debug|Any CPU.Build.0 = Debug|Any CPU
		{99CB7460-B3C7-4BAF-952B-DA979F490BBD}.Release|Any CPU.ActiveCfg = Release|Any CPU
		{99CB7460-B3C7-4BAF-952B-DA979F490BBD}.Release|Any CPU.Build.0 = Release|Any CPU
		{8580C7E0-9550-43EB-9839-87FDFA98C221}.Debug|Any CPU.ActiveCfg = Debug|Any CPU
		{8580C7E0-9550-43EB-9839-87FDFA98C221}.Debug|Any CPU.Build.0 = Debug|Any CPU
		{8580C7E0-9550-43EB-9839-87FDFA98C221}.Release|Any CPU.ActiveCfg = Release|Any CPU
		{8580C7E0-9550-43EB-9839-87FDFA98C221}.Release|Any CPU.Build.0 = Release|Any CPU
	EndGlobalSection
	GlobalSection(SolutionProperties) = preSolution
		HideSolutionNode = FALSE
	EndGlobalSection
	GlobalSection(ExtensibilityGlobals) = postSolution
		SolutionGuid = {4D5C58F8-B3B9-4F1D-978F-FFDEEA809AF2}
	EndGlobalSection
EndGlobal
